
Microsoft Visual Studio Solution File, Format Version 12.00
# Visual Studio Version 16
VisualStudioVersion = 16.0.30804.86
MinimumVisualStudioVersion = 10.0.40219.1
Project("{FAE04EC0-301F-11D3-BF4B-00C04F79EFBC}") = "Devinno", "Devinno\Devinno\Devinno.csproj", "{484D4FB6-55F2-4F15-841D-F4E78A7F6098}"
EndProject
Global
	GlobalSection(SolutionConfigurationPlatforms) = preSolution
		Debug|Any CPU = Debug|Any CPU
		Release|Any CPU = Release|Any CPU
	EndGlobalSection
	GlobalSection(ProjectConfigurationPlatforms) = postSolution
		{484D4FB6-55F2-4F15-841D-F4E78A7F6098}.Debug|Any CPU.ActiveCfg = Debug|Any CPU
		{484D4FB6-55F2-4F15-841D-F4E78A7F6098}.Debug|Any CPU.Build.0 = Debug|Any CPU
		{484D4FB6-55F2-4F15-841D-F4E78A7F6098}.Release|Any CPU.ActiveCfg = Release|Any CPU
		{484D4FB6-55F2-4F15-841D-F4E78A7F6098}.Release|Any CPU.Build.0 = Release|Any CPU
	EndGlobalSection
	GlobalSection(SolutionProperties) = preSolution
		HideSolutionNode = FALSE
	EndGlobalSection
	GlobalSection(ExtensibilityGlobals) = postSolution
		SolutionGuid = {CE12A1BD-7201-434D-ACF4-011F6B4F8441}
	EndGlobalSection
EndGlobal
